PODS:
  - Capacitor (3.0.2):
    - CapacitorCordova
  - CapacitorCordova (3.0.2)
  - Paystack (3.0.17):
    - Paystack/Core (= 3.0.17)
  - Paystack/Core (3.0.17)

DEPENDENCIES:
  - "Capacitor (from `../node_modules/@capacitor/ios`)"
  - "CapacitorCordova (from `../node_modules/@capacitor/ios`)"
  - Paystack

SPEC REPOS:
  trunk:
    - Paystack

EXTERNAL SOURCES:
  Capacitor:
    :path: "../node_modules/@capacitor/ios"
  CapacitorCordova:
    :path: "../node_modules/@capacitor/ios"

SPEC CHECKSUMS:
  Capacitor: df6bc94955ecbe567904f1f2fe09c237f66d0de9
  CapacitorCordova: e2f9a64e0b1a47b6efed76aecbd042c40b477ee3
  Paystack: 5a7a9d5c47ddfd76e3d84550d9ff1f49bf6d284c

PODFILE CHECKSUM: 057e3913277daa3cbbd5dbc94378c3510807923b

COCOAPODS: 1.10.1
